
Microsoft Visual Studio Solution File, Format Version 12.00
# Visual Studio Version 16
VisualStudioVersion = 16.0.30804.86
MinimumVisualStudioVersion = 10.0.40219.1
Project("{FAE04EC0-301F-11D3-BF4B-00C04F79EFBC}") = "Assignment 4 Employee System", "Assignment 4 Employee System\Assignment 4 Employee System.csproj", "{73C04DBA-1D0E-47F9-8ACB-4B6A77B36C3D}"
EndProject
Global
	GlobalSection(SolutionConfigurationPlatforms) = preSolution
		Debug|Any CPU = Debug|Any CPU
		Release|Any CPU = Release|Any CPU
	EndGlobalSection
	GlobalSection(ProjectConfigurationPlatforms) = postSolution
		{73C04DBA-1D0E-47F9-8ACB-4B6A77B36C3D}.Debug|Any CPU.ActiveCfg = Debug|Any CPU
		{73C04DBA-1D0E-47F9-8ACB-4B6A77B36C3D}.Debug|Any CPU.Build.0 = Debug|Any CPU
		{73C04DBA-1D0E-47F9-8ACB-4B6A77B36C3D}.Release|Any CPU.ActiveCfg = Release|Any CPU
		{73C04DBA-1D0E-47F9-8ACB-4B6A77B36C3D}.Release|Any CPU.Build.0 = Release|Any CPU
	EndGlobalSection
	GlobalSection(SolutionProperties) = preSolution
		HideSolutionNode = FALSE
	EndGlobalSection
	GlobalSection(ExtensibilityGlobals) = postSolution
		SolutionGuid = {BDB3DD64-59C2-420C-B77A-20E1FB47ABA4}
	EndGlobalSection
EndGlobal
